{
    "_readme": [
        "This file locks the dependencies of your project to a known state",
        "Read more about it at https://getcomposer.org/doc/01-basic-usage.md#composer-lock-the-lock-file",
        "This file is @generated automatically"
    ],
    "hash": "7c6909fda536f802bede567f09d49b86",
    "content-hash": "e464b045f022e4f581dc5fd5cf8f4a83",
    "packages": [
        {
            "name": "netherphp/avenue",
            "version": "v2.0.6",
            "source": {
                "type": "git",
                "url": "https://github.com/netherphp/avenue.git",
                "reference": "81dd62de91ea7c8f98e3cdfe136327242f6299b1"
            },
            "dist": {
                "type": "zip",
                "url": "https://api.github.com/repos/netherphp/avenue/zipball/81dd62de91ea7c8f98e3cdfe136327242f6299b1",
                "reference": "81dd62de91ea7c8f98e3cdfe136327242f6299b1",
                "shasum": ""
            },
            "require": {
                "netherphp/object": "^2.0.0",
                "netherphp/option": "^1.0.0"
            },
            "require-dev": {
                "codeception/codeception": "~2.0.13",
                "codeception/verify": "~0.2.0"
            },
            "type": "library",
            "autoload": {
                "psr-0": {
                    "Nether\\": "src/"
                }
            },
            "notification-url": "https://packagist.org/downloads/",
            "license": [
                "BSD-2-Clause"
            ],
            "authors": [
                {
                    "name": "Bob Majdak Jr",
                    "email": "bob@nether.io",
                    "homepage": "http://nether.io",
                    "role": "developer"
                }
            ],
            "description": "A Request Router.",
            "keywords": [
                "php",
                "router"
            ],
            "time": "2016-10-07 00:40:12"
        },
        {
            "name": "netherphp/cache",
            "version": "v2.0.1",
            "source": {
                "type": "git",
                "url": "https://github.com/netherphp/cache.git",
                "reference": "63390ac9baa57e273d981a1cc2dac3c0c4fc39ad"
            },
            "dist": {
                "type": "zip",
                "url": "https://api.github.com/repos/netherphp/cache/zipball/63390ac9baa57e273d981a1cc2dac3c0c4fc39ad",
                "reference": "63390ac9baa57e273d981a1cc2dac3c0c4fc39ad",
                "shasum": ""
            },
            "require": {
                "netherphp/object": "~2.0",
                "netherphp/option": "~1.0",
                "netherphp/stash": "~2.0",
                "php": ">=7.0.0"
            },
            "type": "library",
            "autoload": {
                "psr-0": {
                    "Nether\\": "src/"
                }
            },
            "notification-url": "https://packagist.org/downloads/",
            "license": [
                "BSD-2-Clause"
            ],
            "authors": [
                {
                    "name": "Bob Majdak Jr",
                    "email": "bob@majdak.net",
                    "homepage": "http://majdak.net",
                    "role": "developer"
                }
            ],
            "description": "A cache interface.",
            "keywords": [
                "cache",
                "nether",
                "php"
            ],
            "time": "2016-05-30 18:58:29"
        },
        {
            "name": "netherphp/console",
            "version": "v2.0.4",
            "source": {
                "type": "git",
                "url": "https://github.com/netherphp/console.git",
                "reference": "0f9ba4749c598aec72e1108e1e45bfb54df55bd8"
            },
            "dist": {
                "type": "zip",
                "url": "https://api.github.com/repos/netherphp/console/zipball/0f9ba4749c598aec72e1108e1e45bfb54df55bd8",
                "reference": "0f9ba4749c598aec72e1108e1e45bfb54df55bd8",
                "shasum": ""
            },
            "require": {
                "netherphp/object": "^2.0.0"
            },
            "type": "library",
            "autoload": {
                "psr-0": {
                    "Nether\\": "src/"
                }
            },
            "notification-url": "https://packagist.org/downloads/",
            "license": [
                "BSD-3-Clause"
            ],
            "authors": [
                {
                    "name": "Bob Majdak Jr",
                    "email": "bob@nether.io",
                    "homepage": "http://nether.io",
                    "role": "developer"
                }
            ],
            "description": "A CLI Parser",
            "keywords": [
                "cli",
                "console",
                "php"
            ],
            "time": "2016-11-16 19:35:51"
        },
        {
            "name": "netherphp/database",
            "version": "v2.0.3",
            "source": {
                "type": "git",
                "url": "https://github.com/netherphp/database.git",
                "reference": "6136b50ca5c275bf854d139186eeb471fe080771"
            },
            "dist": {
                "type": "zip",
                "url": "https://api.github.com/repos/netherphp/database/zipball/6136b50ca5c275bf854d139186eeb471fe080771",
                "reference": "6136b50ca5c275bf854d139186eeb471fe080771",
                "shasum": ""
            },
            "require": {
                "netherphp/object": "^2.0.0",
                "netherphp/option": "^1.0.0",
                "php": ">=7.0.0"
            },
            "type": "library",
            "autoload": {
                "psr-0": {
                    "Nether\\": "src/"
                }
            },
            "notification-url": "https://packagist.org/downloads/",
            "license": [
                "BSD-2-Clause"
            ],
            "authors": [
                {
                    "name": "Bob Majdak Jr",
                    "email": "bob@majdak.net",
                    "homepage": "http://majdak.net",
                    "role": "developer"
                }
            ],
            "description": "A database connection and query tool.",
            "keywords": [
                "database",
                "php"
            ],
            "time": "2016-09-16 22:29:31"
        },
        {
            "name": "netherphp/input",
            "version": "v2.0.3",
            "source": {
                "type": "git",
                "url": "https://github.com/netherphp/input.git",
                "reference": "9fc822ccc68b9b31679a07adf64d11a42d878d80"
            },
            "dist": {
                "type": "zip",
                "url": "https://api.github.com/repos/netherphp/input/zipball/9fc822ccc68b9b31679a07adf64d11a42d878d80",
                "reference": "9fc822ccc68b9b31679a07adf64d11a42d878d80",
                "shasum": ""
            },
            "require": {
                "netherphp/object": "^2.0.0",
                "netherphp/option": "^1.0.0"
            },
            "type": "library",
            "autoload": {
                "psr-0": {
                    "Nether\\": "src/"
                }
            },
            "notification-url": "https://packagist.org/downloads/",
            "license": [
                "BSD-2-Clause"
            ],
            "authors": [
                {
                    "name": "Bob Majdak Jr",
                    "email": "bob@nether.io",
                    "homepage": "http://nether.io",
                    "role": "developer"
                }
            ],
            "description": "Input Handling.",
            "keywords": [
                "filter",
                "input",
                "php",
                "sanitisation"
            ],
            "time": "2016-05-02 16:28:06"
        },
        {
            "name": "netherphp/ki",
            "version": "v1.0.0",
            "source": {
                "type": "git",
                "url": "https://github.com/netherphp/ki.git",
                "reference": "ac6bc7925d1cc232f12ce1ba2fb1c570b32b3f39"
            },
            "dist": {
                "type": "zip",
                "url": "https://api.github.com/repos/netherphp/ki/zipball/ac6bc7925d1cc232f12ce1ba2fb1c570b32b3f39",
                "reference": "ac6bc7925d1cc232f12ce1ba2fb1c570b32b3f39",
                "shasum": ""
            },
            "require": {
                "php": ">=5.4.0"
            },
            "type": "library",
            "autoload": {
                "psr-0": {
                    "Nether\\": "src/"
                }
            },
            "notification-url": "https://packagist.org/downloads/",
            "license": [
                "BSD-2-Clause"
            ],
            "authors": [
                {
                    "name": "Bob Majdak Jr",
                    "email": "bob@nether.io",
                    "homepage": "http://nether.io",
                    "role": "developer"
                }
            ],
            "description": "An event handler",
            "keywords": [
                "event",
                "php"
            ],
            "time": "2015-05-18 00:13:43"
        },
        {
            "name": "netherphp/object",
            "version": "v2.1.9",
            "source": {
                "type": "git",
                "url": "https://github.com/netherphp/object.git",
                "reference": "89ff7a9b69527dc5d636194fb0ce6643e6ff0454"
            },
            "dist": {
                "type": "zip",
                "url": "https://api.github.com/repos/netherphp/object/zipball/89ff7a9b69527dc5d636194fb0ce6643e6ff0454",
                "reference": "89ff7a9b69527dc5d636194fb0ce6643e6ff0454",
                "shasum": ""
            },
            "require": {
                "php": ">=7.0.0"
            },
            "type": "library",
            "autoload": {
                "psr-0": {
                    "Nether\\": "src/"
                }
            },
            "notification-url": "https://packagist.org/downloads/",
            "license": [
                "BSD-2-Clause"
            ],
            "authors": [
                {
                    "name": "Bob Majdak Jr",
                    "email": "bob@nether.io",
                    "homepage": "http://nether.io",
                    "role": "developer"
                }
            ],
            "description": "A little object builder.",
            "keywords": [
                "object",
                "php"
            ],
            "time": "2016-10-20 21:32:19"
        },
        {
            "name": "netherphp/onescript",
            "version": "v2.0.1",
            "source": {
                "type": "git",
                "url": "https://github.com/netherphp/onescript.git",
                "reference": "cb19251bae5fec9d0d568546e8dca1985915637b"
            },
            "dist": {
                "type": "zip",
                "url": "https://api.github.com/repos/netherphp/onescript/zipball/cb19251bae5fec9d0d568546e8dca1985915637b",
                "reference": "cb19251bae5fec9d0d568546e8dca1985915637b",
                "shasum": ""
            },
            "require": {
                "netherphp/console": "~2.0",
                "netherphp/object": "~2.0"
            },
            "bin": [
                "bin/nether-onescript"
            ],
            "type": "library",
            "autoload": {
                "psr-0": {
                    "Nether\\": "src/"
                }
            },
            "notification-url": "https://packagist.org/downloads/",
            "license": [
                "BSD-3-Clause"
            ],
            "authors": [
                {
                    "name": "Bob Majdak Jr",
                    "email": "bob@nether.io",
                    "homepage": "http://nether.io",
                    "role": "developer"
                }
            ],
            "description": "A silly Javascript Compiler.",
            "keywords": [
                "compiler",
                "javascript",
                "php"
            ],
            "time": "2016-06-02 21:01:54"
        },
        {
            "name": "netherphp/option",
            "version": "v1.0.0",
            "source": {
                "type": "git",
                "url": "https://github.com/netherphp/option.git",
                "reference": "ea38f8fdd80e8cb55605f44380de430b9c0d0c95"
            },
            "dist": {
                "type": "zip",
                "url": "https://api.github.com/repos/netherphp/option/zipball/ea38f8fdd80e8cb55605f44380de430b9c0d0c95",
                "reference": "ea38f8fdd80e8cb55605f44380de430b9c0d0c95",
                "shasum": ""
            },
            "require": {
                "php": ">=5.4.0"
            },
            "type": "library",
            "autoload": {
                "psr-0": {
                    "Nether\\": "src/"
                }
            },
            "notification-url": "https://packagist.org/downloads/",
            "license": [
                "BSD-2-Clause"
            ],
            "authors": [
                {
                    "name": "Bob Majdak Jr",
                    "email": "bob@majdak.net",
                    "homepage": "http://majdak.net",
                    "role": "developer"
                }
            ],
            "description": "A global settings manager",
            "keywords": [
                "options",
                "php"
            ],
            "time": "2014-03-22 17:46:59"
        },
        {
            "name": "netherphp/project",
            "version": "v1.0.0",
            "source": {
                "type": "git",
                "url": "https://github.com/netherphp/project.git",
                "reference": "4122f9c43a55a06befd16c6b1f153d53df26248d"
            },
            "dist": {
                "type": "zip",
                "url": "https://api.github.com/repos/netherphp/project/zipball/4122f9c43a55a06befd16c6b1f153d53df26248d",
                "reference": "4122f9c43a55a06befd16c6b1f153d53df26248d",
                "shasum": ""
            },
            "require": {
                "php": ">=5.4.0"
            },
            "bin": [
                "bin/nether-realboot"
            ],
            "type": "library",
            "autoload": {
                "psr-0": {
                    "Nether\\": "src/"
                }
            },
            "notification-url": "https://packagist.org/downloads/",
            "license": [
                "BSD-3-Clause"
            ],
            "authors": [
                {
                    "name": "Bob Majdak Jr",
                    "email": "bob@nether.io",
                    "homepage": "http://nether.io",
                    "role": "developer"
                }
            ],
            "description": "Utilities (CLI) for project management.",
            "keywords": [
                "php",
                "project"
            ],
            "time": "2015-05-16 02:48:39"
        },
        {
            "name": "netherphp/stash",
            "version": "v2.0.0",
            "source": {
                "type": "git",
                "url": "https://github.com/netherphp/stash.git",
                "reference": "4ab86ac75d1f8177d17310302b411628826b9e6b"
            },
            "dist": {
                "type": "zip",
                "url": "https://api.github.com/repos/netherphp/stash/zipball/4ab86ac75d1f8177d17310302b411628826b9e6b",
                "reference": "4ab86ac75d1f8177d17310302b411628826b9e6b",
                "shasum": ""
            },
            "require": {
                "php": ">=5.4.0"
            },
            "type": "library",
            "autoload": {
                "psr-0": {
                    "Nether\\": "src/"
                }
            },
            "notification-url": "https://packagist.org/downloads/",
            "license": [
                "BSD-2-Clause"
            ],
            "authors": [
                {
                    "name": "Bob Majdak Jr",
                    "email": "bob@nether.io",
                    "homepage": "http://nether.io",
                    "role": "developer"
                }
            ],
            "description": "A global value manager.",
            "keywords": [
                "nether",
                "php",
                "stash"
            ],
            "time": "2016-05-30 18:46:12"
        },
        {
            "name": "netherphp/surface",
            "version": "v2.1.2",
            "source": {
                "type": "git",
                "url": "https://github.com/netherphp/surface.git",
                "reference": "c52a2801df158c31464e0ddeb262a78fca2d613f"
            },
            "dist": {
                "type": "zip",
                "url": "https://api.github.com/repos/netherphp/surface/zipball/c52a2801df158c31464e0ddeb262a78fca2d613f",
                "reference": "c52a2801df158c31464e0ddeb262a78fca2d613f",
                "shasum": ""
            },
            "require": {
                "netherphp/ki": "~1.0",
                "netherphp/object": "~2.0",
                "netherphp/option": "~1.0",
                "netherphp/stash": "~2.0",
                "php": ">=7.0.0"
            },
            "type": "library",
            "autoload": {
                "psr-0": {
                    "Nether\\": "src/"
                }
            },
            "notification-url": "https://packagist.org/downloads/",
            "license": [
                "BSD-3-Clause"
            ],
            "authors": [
                {
                    "name": "Bob Majdak Jr",
                    "email": "bob@nether.io",
                    "homepage": "http://nether.io",
                    "role": "developer"
                }
            ],
            "description": "A template rendering system.",
            "keywords": [
                "php",
                "template"
            ],
            "time": "2016-05-30 19:00:05"
        },
        {
            "name": "netherphp/world",
            "version": "v2.2.1",
            "source": {
                "type": "git",
                "url": "https://github.com/netherphp/world.git",
                "reference": "767751b073c70dfe2bbe38d3382fe37406f5e2ed"
            },
            "dist": {
                "type": "zip",
                "url": "https://api.github.com/repos/netherphp/world/zipball/767751b073c70dfe2bbe38d3382fe37406f5e2ed",
                "reference": "767751b073c70dfe2bbe38d3382fe37406f5e2ed",
                "shasum": ""
            },
            "require": {
                "netherphp/avenue": "~2.0",
                "netherphp/cache": "~2.0",
                "netherphp/console": "~2.0",
                "netherphp/database": "~2.0",
                "netherphp/input": "~2.0",
                "netherphp/ki": "~1.0",
                "netherphp/object": "~2.1",
                "netherphp/onescript": "~2.0",
                "netherphp/option": "~1.0",
                "netherphp/project": "~1.0",
                "netherphp/stash": "~2.0",
                "netherphp/surface": "~2.0",
                "php": ">=7.0.0"
            },
            "type": "library",
            "notification-url": "https://packagist.org/downloads/",
            "license": [
                "BSD-2-Clause"
            ],
            "authors": [
                {
                    "name": "Bob Majdak Jr",
                    "email": "bob@nether.io",
                    "homepage": "http://nether.io",
                    "role": "developer"
                }
            ],
            "description": "A meta package to include all the things.",
            "keywords": [
                "framework",
                "nether",
                "php",
                "pony"
            ],
            "time": "2016-05-30 19:04:54"
        },
        {
            "name": "psr/log",
            "version": "1.0.2",
            "source": {
                "type": "git",
                "url": "https://github.com/php-fig/log.git",
                "reference": "4ebe3a8bf773a19edfe0a84b6585ba3d401b724d"
            },
            "dist": {
                "type": "zip",
                "url": "https://api.github.com/repos/php-fig/log/zipball/4ebe3a8bf773a19edfe0a84b6585ba3d401b724d",
                "reference": "4ebe3a8bf773a19edfe0a84b6585ba3d401b724d",
                "shasum": ""
            },
            "require": {
                "php": ">=5.3.0"
            },
            "type": "library",
            "extra": {
                "branch-alias": {
                    "dev-master": "1.0.x-dev"
                }
            },
            "autoload": {
                "psr-4": {
                    "Psr\\Log\\": "Psr/Log/"
                }
            },
            "notification-url": "https://packagist.org/downloads/",
            "license": [
                "MIT"
            ],
            "authors": [
                {
                    "name": "PHP-FIG",
                    "homepage": "http://www.php-fig.org/"
                }
            ],
            "description": "Common interface for logging libraries",
            "homepage": "https://github.com/php-fig/log",
            "keywords": [
                "log",
                "psr",
                "psr-3"
            ],
            "time": "2016-10-10 12:19:37"
        },
        {
            "name": "robmorgan/phinx",
            "version": "v0.6.6",
            "source": {
                "type": "git",
                "url": "https://github.com/robmorgan/phinx.git",
                "reference": "cc97b79f62c2180caba0be1d3744a335a296a678"
            },
            "dist": {
                "type": "zip",
                "url": "https://api.github.com/repos/robmorgan/phinx/zipball/cc97b79f62c2180caba0be1d3744a335a296a678",
                "reference": "cc97b79f62c2180caba0be1d3744a335a296a678",
                "shasum": ""
            },
            "require": {
                "php": ">=5.4",
                "symfony/config": "~2.8|~3.0",
                "symfony/console": "~2.8|~3.0",
                "symfony/yaml": "~2.8|~3.0"
            },
            "require-dev": {
                "phpunit/phpunit": "^4.8.26|^5.0"
            },
            "bin": [
                "bin/phinx"
            ],
            "type": "library",
            "autoload": {
                "psr-4": {
                    "Phinx\\": "src/Phinx"
                }
            },
            "notification-url": "https://packagist.org/downloads/",
            "license": [
                "MIT"
            ],
            "authors": [
                {
                    "name": "Woody Gilk",
                    "email": "woody.gilk@gmail.com",
                    "homepage": "http://shadowhand.me",
                    "role": "Developer"
                },
                {
                    "name": "Rob Morgan",
                    "email": "robbym@gmail.com",
                    "homepage": "https://robmorgan.id.au",
                    "role": "Lead Developer"
                },
                {
                    "name": "Richard Quadling",
                    "email": "rquadling@gmail.com",
                    "role": "Developer"
                }
            ],
            "description": "Phinx makes it ridiculously easy to manage the database migrations for your PHP app.",
            "homepage": "https://phinx.org",
            "keywords": [
                "database",
                "database migrations",
                "db",
                "migrations",
                "phinx"
            ],
            "time": "2017-01-23 08:53:20"
        },
        {
            "name": "symfony/config",
            "version": "v3.2.2",
            "source": {
                "type": "git",
                "url": "https://github.com/symfony/config.git",
                "reference": "c5ea878b5a7f6a01b9a2f182f905831711b9ff3f"
            },
            "dist": {
                "type": "zip",
                "url": "https://api.github.com/repos/symfony/config/zipball/c5ea878b5a7f6a01b9a2f182f905831711b9ff3f",
                "reference": "c5ea878b5a7f6a01b9a2f182f905831711b9ff3f",
                "shasum": ""
            },
            "require": {
                "php": ">=5.5.9",
                "symfony/filesystem": "~2.8|~3.0"
            },
            "require-dev": {
                "symfony/yaml": "~3.0"
            },
            "suggest": {
                "symfony/yaml": "To use the yaml reference dumper"
            },
            "type": "library",
            "extra": {
                "branch-alias": {
                    "dev-master": "3.2-dev"
                }
            },
            "autoload": {
                "psr-4": {
                    "Symfony\\Component\\Config\\": ""
                },
                "exclude-from-classmap": [
                    "/Tests/"
                ]
            },
            "notification-url": "https://packagist.org/downloads/",
            "license": [
                "MIT"
            ],
            "authors": [
                {
                    "name": "Fabien Potencier",
                    "email": "fabien@symfony.com"
                },
                {
                    "name": "Symfony Community",
                    "homepage": "https://symfony.com/contributors"
                }
            ],
            "description": "Symfony Config Component",
            "homepage": "https://symfony.com",
            "time": "2017-01-02 20:32:22"
        },
        {
            "name": "symfony/console",
            "version": "v3.2.2",
            "source": {
                "type": "git",
                "url": "https://github.com/symfony/console.git",
                "reference": "4f9e449e76996adf310498a8ca955c6deebe29dd"
            },
            "dist": {
                "type": "zip",
                "url": "https://api.github.com/repos/symfony/console/zipball/4f9e449e76996adf310498a8ca955c6deebe29dd",
                "reference": "4f9e449e76996adf310498a8ca955c6deebe29dd",
                "shasum": ""
            },
            "require": {
                "php": ">=5.5.9",
                "symfony/debug": "~2.8|~3.0",
                "symfony/polyfill-mbstring": "~1.0"
            },
            "require-dev": {
                "psr/log": "~1.0",
                "symfony/event-dispatcher": "~2.8|~3.0",
                "symfony/filesystem": "~2.8|~3.0",
                "symfony/process": "~2.8|~3.0"
            },
            "suggest": {
                "psr/log": "For using the console logger",
                "symfony/event-dispatcher": "",
                "symfony/filesystem": "",
                "symfony/process": ""
            },
            "type": "library",
            "extra": {
                "branch-alias": {
                    "dev-master": "3.2-dev"
                }
            },
            "autoload": {
                "psr-4": {
                    "Symfony\\Component\\Console\\": ""
                },
                "exclude-from-classmap": [
                    "/Tests/"
                ]
            },
            "notification-url": "https://packagist.org/downloads/",
            "license": [
                "MIT"
            ],
            "authors": [
                {
                    "name": "Fabien Potencier",
                    "email": "fabien@symfony.com"
                },
                {
                    "name": "Symfony Community",
                    "homepage": "https://symfony.com/contributors"
                }
            ],
            "description": "Symfony Console Component",
            "homepage": "https://symfony.com",
            "time": "2017-01-08 20:47:33"
        },
        {
            "name": "symfony/debug",
            "version": "v3.2.2",
            "source": {
                "type": "git",
                "url": "https://github.com/symfony/debug.git",
                "reference": "810ba5c1c5352a4ddb15d4719e8936751dff0b05"
            },
            "dist": {
                "type": "zip",
                "url": "https://api.github.com/repos/symfony/debug/zipball/810ba5c1c5352a4ddb15d4719e8936751dff0b05",
                "reference": "810ba5c1c5352a4ddb15d4719e8936751dff0b05",
                "shasum": ""
            },
            "require": {
                "php": ">=5.5.9",
                "psr/log": "~1.0"
            },
            "conflict": {
                "symfony/http-kernel": ">=2.3,<2.3.24|~2.4.0|>=2.5,<2.5.9|>=2.6,<2.6.2"
            },
            "require-dev": {
                "symfony/class-loader": "~2.8|~3.0",
                "symfony/http-kernel": "~2.8|~3.0"
            },
            "type": "library",
            "extra": {
                "branch-alias": {
                    "dev-master": "3.2-dev"
                }
            },
            "autoload": {
                "psr-4": {
                    "Symfony\\Component\\Debug\\": ""
                },
                "exclude-from-classmap": [
                    "/Tests/"
                ]
            },
            "notification-url": "https://packagist.org/downloads/",
            "license": [
                "MIT"
            ],
            "authors": [
                {
                    "name": "Fabien Potencier",
                    "email": "fabien@symfony.com"
                },
                {
                    "name": "Symfony Community",
                    "homepage": "https://symfony.com/contributors"
                }
            ],
            "description": "Symfony Debug Component",
            "homepage": "https://symfony.com",
            "time": "2017-01-02 20:32:22"
        },
        {
            "name": "symfony/filesystem",
            "version": "v3.2.2",
            "source": {
                "type": "git",
                "url": "https://github.com/symfony/filesystem.git",
                "reference": "a0c6ef2dc78d33b58d91d3a49f49797a184d06f4"
            },
            "dist": {
                "type": "zip",
                "url": "https://api.github.com/repos/symfony/filesystem/zipball/a0c6ef2dc78d33b58d91d3a49f49797a184d06f4",
                "reference": "a0c6ef2dc78d33b58d91d3a49f49797a184d06f4",
                "shasum": ""
            },
            "require": {
                "php": ">=5.5.9"
            },
            "type": "library",
            "extra": {
                "branch-alias": {
                    "dev-master": "3.2-dev"
                }
            },
            "autoload": {
                "psr-4": {
                    "Symfony\\Component\\Filesystem\\": ""
                },
                "exclude-from-classmap": [
                    "/Tests/"
                ]
            },
            "notification-url": "https://packagist.org/downloads/",
            "license": [
                "MIT"
            ],
            "authors": [
                {
                    "name": "Fabien Potencier",
                    "email": "fabien@symfony.com"
                },
                {
                    "name": "Symfony Community",
                    "homepage": "https://symfony.com/contributors"
                }
            ],
            "description": "Symfony Filesystem Component",
            "homepage": "https://symfony.com",
            "time": "2017-01-08 20:47:33"
        },
        {
            "name": "symfony/polyfill-mbstring",
            "version": "v1.3.0",
            "source": {
                "type": "git",
                "url": "https://github.com/symfony/polyfill-mbstring.git",
                "reference": "e79d363049d1c2128f133a2667e4f4190904f7f4"
            },
            "dist": {
                "type": "zip",
                "url": "https://api.github.com/repos/symfony/polyfill-mbstring/zipball/e79d363049d1c2128f133a2667e4f4190904f7f4",
                "reference": "e79d363049d1c2128f133a2667e4f4190904f7f4",
                "shasum": ""
            },
            "require": {
                "php": ">=5.3.3"
            },
            "suggest": {
                "ext-mbstring": "For best performance"
            },
            "type": "library",
            "extra": {
                "branch-alias": {
                    "dev-master": "1.3-dev"
                }
            },
            "autoload": {
                "psr-4": {
                    "Symfony\\Polyfill\\Mbstring\\": ""
                },
                "files": [
                    "bootstrap.php"
                ]
            },
            "notification-url": "https://packagist.org/downloads/",
            "license": [
                "MIT"
            ],
            "authors": [
                {
                    "name": "Nicolas Grekas",
                    "email": "p@tchwork.com"
                },
                {
                    "name": "Symfony Community",
                    "homepage": "https://symfony.com/contributors"
                }
            ],
            "description": "Symfony polyfill for the Mbstring extension",
            "homepage": "https://symfony.com",
            "keywords": [
                "compatibility",
                "mbstring",
                "polyfill",
                "portable",
                "shim"
            ],
            "time": "2016-11-14 01:06:16"
        },
        {
            "name": "symfony/yaml",
            "version": "v3.2.2",
            "source": {
                "type": "git",
                "url": "https://github.com/symfony/yaml.git",
                "reference": "50eadbd7926e31842893c957eca362b21592a97d"
            },
            "dist": {
                "type": "zip",
                "url": "https://api.github.com/repos/symfony/yaml/zipball/50eadbd7926e31842893c957eca362b21592a97d",
                "reference": "50eadbd7926e31842893c957eca362b21592a97d",
                "shasum": ""
            },
            "require": {
                "php": ">=5.5.9"
            },
            "require-dev": {
                "symfony/console": "~2.8|~3.0"
            },
            "suggest": {
                "symfony/console": "For validating YAML files using the lint command"
            },
            "type": "library",
            "extra": {
                "branch-alias": {
                    "dev-master": "3.2-dev"
                }
            },
            "autoload": {
                "psr-4": {
                    "Symfony\\Component\\Yaml\\": ""
                },
                "exclude-from-classmap": [
                    "/Tests/"
                ]
            },
            "notification-url": "https://packagist.org/downloads/",
            "license": [
                "MIT"
            ],
            "authors": [
                {
                    "name": "Fabien Potencier",
                    "email": "fabien@symfony.com"
                },
                {
                    "name": "Symfony Community",
                    "homepage": "https://symfony.com/contributors"
                }
            ],
            "description": "Symfony Yaml Component",
            "homepage": "https://symfony.com",
            "time": "2017-01-03 13:51:32"
        }
    ],
    "packages-dev": [],
    "aliases": [],
    "minimum-stability": "stable",
    "stability-flags": [],
    "prefer-stable": false,
    "prefer-lowest": false,
    "platform": [],
    "platform-dev": []
}
